
Microsoft Visual Studio Solution File, Format Version 12.00
# Visual Studio Version 16
VisualStudioVersion = 16.0.32002.222
MinimumVisualStudioVersion = 10.0.40219.1
Project("{9A19103F-16F7-4668-BE54-9A1E7A4F7556}") = "SmallTool", "SmallTool.csproj", "{94085A29-1A79-4339-835A-B6C742F2D120}"
EndProject
Project("{9A19103F-16F7-4668-BE54-9A1E7A4F7556}") = "SmallTool_MSIPC", "..\SmallTool_MSIPC\SmallTool_MSIPC.csproj", "{BE651F2E-3DC9-4BA3-8568-182A67B632D5}"
EndProject
Project("{9A19103F-16F7-4668-BE54-9A1E7A4F7556}") = "SmallTool_MIP", "..\SmallTool_MIP\SmallTool_MIP.csproj", "{48637979-1921-47CB-8951-E5539BB6FFF6}"
EndProject
Global
	GlobalSection(SolutionConfigurationPlatforms) = preSolution
		Debug|Any CPU = Debug|Any CPU
		Release|Any CPU = Release|Any CPU
	EndGlobalSection
	GlobalSection(ProjectConfigurationPlatforms) = postSolution
		{94085A29-1A79-4339-835A-B6C742F2D120}.Debug|Any CPU.ActiveCfg = Debug|Any CPU
		{94085A29-1A79-4339-835A-B6C742F2D120}.Debug|Any CPU.Build.0 = Debug|Any CPU
		{94085A29-1A79-4339-835A-B6C742F2D120}.Release|Any CPU.ActiveCfg = Release|Any CPU
		{94085A29-1A79-4339-835A-B6C742F2D120}.Release|Any CPU.Build.0 = Release|Any CPU
		{BE651F2E-3DC9-4BA3-8568-182A67B632D5}.Debug|Any CPU.ActiveCfg = Debug|Any CPU
		{BE651F2E-3DC9-4BA3-8568-182A67B632D5}.Debug|Any CPU.Build.0 = Debug|Any CPU
		{BE651F2E-3DC9-4BA3-8568-182A67B632D5}.Release|Any CPU.ActiveCfg = Release|Any CPU
		{BE651F2E-3DC9-4BA3-8568-182A67B632D5}.Release|Any CPU.Build.0 = Release|Any CPU
		{48637979-1921-47CB-8951-E5539BB6FFF6}.Debug|Any CPU.ActiveCfg = Debug|Any CPU
		{48637979-1921-47CB-8951-E5539BB6FFF6}.Debug|Any CPU.Build.0 = Debug|Any CPU
		{48637979-1921-47CB-8951-E5539BB6FFF6}.Release|Any CPU.ActiveCfg = Release|Any CPU
		{48637979-1921-47CB-8951-E5539BB6FFF6}.Release|Any CPU.Build.0 = Release|Any CPU
	EndGlobalSection
	GlobalSection(SolutionProperties) = preSolution
		HideSolutionNode = FALSE
	EndGlobalSection
	GlobalSection(ExtensibilityGlobals) = postSolution
		SolutionGuid = {AF3ABE1C-DDE7-4A1D-9C12-9E78EB2595E0}
	EndGlobalSection
EndGlobal
